Microsoft Visual Studio Solution File, Format Version 8.00
Project("{8BC9CEB8-8B4A-11D0-8D11-00A0C91BC942}") = "lua5.1_dll", "./lua5.1_dll.vcproj", "{8EEECEE6-A6EC-BC48-8E76-22B87825444B}"
	ProjectSection(ProjectDependencies) = postProject
	EndProjectSection
EndProject
Project("{8BC9CEB8-8B4A-11D0-8D11-00A0C91BC942}") = "lua5.1_lib", "./lua5.1_lib.vcproj", "{E2629417-52DF-854E-B510-C15A87AB4BE3}"
	ProjectSection(ProjectDependencies) = postProject
	EndProjectSection
EndProject
Project("{8BC9CEB8-8B4A-11D0-8D11-00A0C91BC942}") = "lua5.1_exe", "./lua5.1_exe.vcproj", "{C3150C2F-4780-3C4F-AF7A-B7734D2A9869}"
	ProjectSection(ProjectDependencies) = postProject
	EndProjectSection
EndProject
Project("{8BC9CEB8-8B4A-11D0-8D11-00A0C91BC942}") = "luac5.1_exe", "./luac5.1_exe.vcproj", "{99AD8E8A-5413-1F47-91F1-8D738ACF1F81}"
	ProjectSection(ProjectDependencies) = postProject
	EndProjectSection
EndProject
Project("{8BC9CEB8-8B4A-11D0-8D11-00A0C91BC942}") = "bin2c5.1_exe", "./bin2c5.1_exe.vcproj", "{40D05D28-CEFA-FD44-BAE5-78BF60B858D0}"
	ProjectSection(ProjectDependencies) = postProject
	EndProjectSection
EndProject
Global
	GlobalSection(SolutionConfiguration) = preSolution
		Debug = Debug
		Release = Release
	EndGlobalSection
	GlobalSection(ProjectConfiguration) = postSolution
		{8EEECEE6-A6EC-BC48-8E76-22B87825444B}.Debug.ActiveCfg = Debug|Win32
		{8EEECEE6-A6EC-BC48-8E76-22B87825444B}.Debug.Build.0 = Debug|Win32
		{8EEECEE6-A6EC-BC48-8E76-22B87825444B}.Release.ActiveCfg = Release|Win32
		{8EEECEE6-A6EC-BC48-8E76-22B87825444B}.Release.Build.0 = Release|Win32
		{E2629417-52DF-854E-B510-C15A87AB4BE3}.Debug.ActiveCfg = Debug|Win32
		{E2629417-52DF-854E-B510-C15A87AB4BE3}.Debug.Build.0 = Debug|Win32
		{E2629417-52DF-854E-B510-C15A87AB4BE3}.Release.ActiveCfg = Release|Win32
		{E2629417-52DF-854E-B510-C15A87AB4BE3}.Release.Build.0 = Release|Win32
		{C3150C2F-4780-3C4F-AF7A-B7734D2A9869}.Debug.ActiveCfg = Debug|Win32
		{C3150C2F-4780-3C4F-AF7A-B7734D2A9869}.Debug.Build.0 = Debug|Win32
		{C3150C2F-4780-3C4F-AF7A-B7734D2A9869}.Release.ActiveCfg = Release|Win32
		{C3150C2F-4780-3C4F-AF7A-B7734D2A9869}.Release.Build.0 = Release|Win32
		{99AD8E8A-5413-1F47-91F1-8D738ACF1F81}.Debug.ActiveCfg = Debug|Win32
		{99AD8E8A-5413-1F47-91F1-8D738ACF1F81}.Debug.Build.0 = Debug|Win32
		{99AD8E8A-5413-1F47-91F1-8D738ACF1F81}.Release.ActiveCfg = Release|Win32
		{99AD8E8A-5413-1F47-91F1-8D738ACF1F81}.Release.Build.0 = Release|Win32
		{40D05D28-CEFA-FD44-BAE5-78BF60B858D0}.Debug.ActiveCfg = Debug|Win32
		{40D05D28-CEFA-FD44-BAE5-78BF60B858D0}.Debug.Build.0 = Debug|Win32
		{40D05D28-CEFA-FD44-BAE5-78BF60B858D0}.Release.ActiveCfg = Release|Win32
		{40D05D28-CEFA-FD44-BAE5-78BF60B858D0}.Release.Build.0 = Release|Win32
	EndGlobalSection
	GlobalSection(ExtensibilityGlobals) = postSolution
	EndGlobalSection
	GlobalSection(ExtensibilityAddIns) = postSolution
	EndGlobalSection
EndGlobal
